<?xml version="1.0" encoding="utf-8"?>
<Project ToolsVersion="4.0" xmlns="http://schemas.microsoft.com/developer/msbuild/2003">
  <ItemGroup>
    <Filter Include="Source Files">
      <UniqueIdentifier>{4FC737F1-C7A5-4376-A066-2A32D752A2FF}</UniqueIdentifier>
      <Extensions>cpp;c;cc;cxx;def;odl;idl;hpj;bat;asm;asmx</Extensions>
    </Filter>
    <Filter Include="Header Files">
      <UniqueIdentifier>{93995380-89BD-4b04-88EB-625FBE52EBFB}</UniqueIdentifier>
      <Extensions>h;hh;hpp;hxx;hm;inl;inc;xsd</Extensions>
    </Filter>
    <Filter Include="Resource Files">
      <UniqueIdentifier>{D9D6E242-F8AF-46E4-B9FD-80ECBC20BA3E}</UniqueIdentifier>
      <Extensions>qrc;*</Extensions>
      <ParseFiles>false</ParseFiles>
    </Filter>
    <Filter Include="Form Files">
      <UniqueIdentifier>{99349809-55BA-4b9d-BF79-8FDBB0286EB3}</UniqueIdentifier>
      <Extensions>ui</Extensions>
    </Filter>
    <Filter Include="Resource Files">
      <UniqueIdentifier>{D9D6E242-F8AF-46E4-B9FD-80ECBC20BA3E}</UniqueIdentifier>
      <Extensions>qrc;*</Extensions>
      <ParseFiles>false</ParseFiles>
    </Filter>
    <Filter Include="Generated Files">
      <UniqueIdentifier>{71ED8ED8-ACB9-4CE9-BBE1-E00B30144E11}</UniqueIdentifier>
      <Extensions>moc;h;cpp</Extensions>
      <SourceControlFiles>False</SourceControlFiles>
    </Filter>
    <Filter Include="Generated Files\Debug">
      <UniqueIdentifier>{c1686d4e-e0c3-448a-934a-940dd0ce2234}</UniqueIdentifier>
      <Extensions>cpp;moc</Extensions>
      <SourceControlFiles>False</SourceControlFiles>
    </Filter>
    <Filter Include="Generated Files\Release">
      <UniqueIdentifier>{9112a65b-16d6-4589-ba06-e1cc85ba66b2}</UniqueIdentifier>
      <Extensions>cpp;moc</Extensions>
      <SourceControlFiles>False</SourceControlFiles>
    </Filter>
    <Filter Include="Header Files\Simconnect">
      <UniqueIdentifier>{817e80c5-f76c-4499-b425-ab8e5ec9a9ec}</UniqueIdentifier>
    </Filter>
    <Filter Include="Source Files\Simconnect">
      <UniqueIdentifier>{66dfd487-3e05-469b-b3bc-082663c1adb5}</UniqueIdentifier>
    </Filter>
    <Filter Include="Header Files\RestAPI">
      <UniqueIdentifier>{d9aca184-3e7b-41e4-b2c9-58d510db050a}</UniqueIdentifier>
    </Filter>
    <Filter Include="Source Files\RestAPI">
      <UniqueIdentifier>{a6610f56-4022-46f0-8e24-eebd92052903}</UniqueIdentifier>
    </Filter>
  </ItemGroup>
  <ItemGroup>
    <ClCompile Include="main.cpp">
      <Filter>Source Files</Filter>
    </ClCompile>
    <ClCompile Include="REST_API_Test.cpp">
      <Filter>Source Files</Filter>
    </ClCompile>
    <ClCompile Include="GeneratedFiles\qrc_REST_API_Test.cpp">
      <Filter>Generated Files</Filter>
    </ClCompile>
    <ClCompile Include="GeneratedFiles\Debug\moc_REST_API_Test.cpp">
      <Filter>Generated Files\Debug</Filter>
    </ClCompile>
    <ClCompile Include="GeneratedFiles\Release\moc_REST_API_Test.cpp">
      <Filter>Generated Files\Release</Filter>
    </ClCompile>
    <ClCompile Include="GeneratedFiles\Debug\moc_MaoRealFlightThread.cpp">
      <Filter>Generated Files\Debug</Filter>
    </ClCompile>
    <ClCompile Include="GeneratedFiles\Release\moc_MaoRealFlightThread.cpp">
      <Filter>Generated Files\Release</Filter>
    </ClCompile>
    <ClCompile Include="MaoSimEventloop.cpp">
      <Filter>Source Files\Simconnect</Filter>
    </ClCompile>
    <ClCompile Include="GeneratedFiles\Debug\moc_MaoSimEventloop.cpp">
      <Filter>Generated Files\Debug</Filter>
    </ClCompile>
    <ClCompile Include="MaoSimCore.cpp">
      <Filter>Source Files\Simconnect</Filter>
    </ClCompile>
    <ClCompile Include="GeneratedFiles\Release\moc_MaoSimEventloop.cpp">
      <Filter>Generated Files\Release</Filter>
    </ClCompile>
    <ClCompile Include="MaoFlight.cpp">
      <Filter>Source Files\RestAPI</Filter>
    </ClCompile>
    <ClCompile Include="MaoRealFlightThread.cpp">
      <Filter>Source Files\RestAPI</Filter>
    </ClCompile>
    <ClCompile Include="GeneratedFiles\Debug\moc_MaoSimCore.cpp">
      <Filter>Generated Files\Debug</Filter>
    </ClCompile>
    <ClCompile Include="GeneratedFiles\Release\moc_MaoSimCore.cpp">
      <Filter>Generated Files\Release</Filter>
    </ClCompile>
  </ItemGroup>
  <ItemGroup>
    <CustomBuild Include="REST_API_Test.h">
      <Filter>Header Files</Filter>
    </CustomBuild>
    <CustomBuild Include="REST_API_Test.ui">
      <Filter>Form Files</Filter>
    </CustomBuild>
    <CustomBuild Include="REST_API_Test.qrc">
      <Filter>Resource Files</Filter>
    </CustomBuild>
    <CustomBuild Include="MaoSimEventloop.h">
      <Filter>Header Files\Simconnect</Filter>
    </CustomBuild>
    <CustomBuild Include="MaoRealFlightThread.h">
      <Filter>Header Files\RestAPI</Filter>
    </CustomBuild>
    <CustomBuild Include="MaoSimCore.h">
      <Filter>Header Files\Simconnect</Filter>
    </CustomBuild>
  </ItemGroup>
  <ItemGroup>
    <ClInclude Include="GeneratedFiles\ui_REST_API_Test.h">
      <Filter>Generated Files</Filter>
    </ClInclude>
    <ClInclude Include="SimConnect.h">
      <Filter>Header Files\Simconnect</Filter>
    </ClInclude>
    <ClInclude Include="MaoSimConst.h">
      <Filter>Header Files\Simconnect</Filter>
    </ClInclude>
    <ClInclude Include="MaoFlight.h">
      <Filter>Header Files\RestAPI</Filter>
    </ClInclude>
  </ItemGroup>
  <ItemGroup>
    <ResourceCompile Include="REST_API_Test.rc" />
  </ItemGroup>
  <ItemGroup>
    <Text Include="TODO_note.txt" />
  </ItemGroup>
</Project>